
Microsoft Visual Studio Solution File, Format Version 12.00
# Visual Studio Version 17
VisualStudioVersion = 17.14.36623.8 d17.14
MinimumVisualStudioVersion = 10.0.40219.1
Project("{FAE04EC0-301F-11D3-BF4B-00C04F79EFBC}") = "reborncam", "reborncam\reborncam.csproj", "{6BAE316D-66B5-42B2-B4ED-5A9C35A62814}"
EndProject
Global
	GlobalSection(SolutionConfigurationPlatforms) = preSolution
		Debug|Any CPU = Debug|Any CPU
		Release|Any CPU = Release|Any CPU
	EndGlobalSection
	GlobalSection(ProjectConfigurationPlatforms) = postSolution
		{6BAE316D-66B5-42B2-B4ED-5A9C35A62814}.Debug|Any CPU.ActiveCfg = Debug|Any CPU
		{6BAE316D-66B5-42B2-B4ED-5A9C35A62814}.Debug|Any CPU.Build.0 = Debug|Any CPU
		{6BAE316D-66B5-42B2-B4ED-5A9C35A62814}.Release|Any CPU.ActiveCfg = Release|Any CPU
		{6BAE316D-66B5-42B2-B4ED-5A9C35A62814}.Release|Any CPU.Build.0 = Release|Any CPU
	EndGlobalSection
	GlobalSection(SolutionProperties) = preSolution
		HideSolutionNode = FALSE
	EndGlobalSection
	GlobalSection(ExtensibilityGlobals) = postSolution
		SolutionGuid = {F08E4F93-E453-40D2-8835-4BA88BA79A51}
	EndGlobalSection
EndGlobal
